// !$*UTF8*$!
{
	archiveVersion = 1;
	classes = {
	};
	objectVersion = 46;
	objects = {

/* Begin PBXBuildFile section */
		500585321AFCB9F600AF77DC /* main.m in Sources */ = {isa = PBXBuildFile; fileRef = 500585311AFCB9F600AF77DC /* main.m */; };
		500585351AFCB9F600AF77DC /* AppDelegate.m in Sources */ = {isa = PBXBuildFile; fileRef = 500585341AFCB9F600AF77DC /* AppDelegate.m */; };
		500585381AFCB9F600AF77DC /* MasterViewController.m in Sources */ = {isa = PBXBuildFile; fileRef = 500585371AFCB9F600AF77DC /* MasterViewController.m */; };
		5005853B1AFCB9F600AF77DC /* DetailViewController.m in Sources */ = {isa = PBXBuildFile; fileRef = 5005853A1AFCB9F600AF77DC /* DetailViewController.m */; };
		5005853E1AFCB9F600AF77DC /* Main.storyboard in Resources */ = {isa = PBXBuildFile; fileRef = 5005853C1AFCB9F600AF77DC /* Main.storyboard */; };
		500585401AFCB9F600AF77DC /* Images.xcassets in Resources */ = {isa = PBXBuildFile; fileRef = 5005853F1AFCB9F600AF77DC /* Images.xcassets */; };
		500585431AFCB9F600AF77DC /* LaunchScreen.xib in Resources */ = {isa = PBXBuildFile; fileRef = 500585411AFCB9F600AF77DC /* LaunchScreen.xib */; };
		5005854F1AFCB9F600AF77DC /* ScaryBugsTests.m in Sources */ = {isa = PBXBuildFile; fileRef = 5005854E1AFCB9F600AF77DC /* ScaryBugsTests.m */; };
		5005855C1AFCBEBC00AF77DC /* ScaryBugData.m in Sources */ = {isa = PBXBuildFile; fileRef = 5005855B1AFCBEBC00AF77DC /* ScaryBugData.m */; };
		5005855F1AFCCCA500AF77DC /* ScaryBugDoc.m in Sources */ = {isa = PBXBuildFile; fileRef = 5005855E1AFCCCA500AF77DC /* ScaryBugDoc.m */; };
		500585681AFCD35400AF77DC /* centipede.jpg in Resources */ = {isa = PBXBuildFile; fileRef = 500585601AFCD35400AF77DC /* centipede.jpg */; };
		500585691AFCD35400AF77DC /* centipedeThumb.jpg in Resources */ = {isa = PBXBuildFile; fileRef = 500585611AFCD35400AF77DC /* centipedeThumb.jpg */; };
		5005856A1AFCD35400AF77DC /* ladybug.jpg in Resources */ = {isa = PBXBuildFile; fileRef = 500585621AFCD35400AF77DC /* ladybug.jpg */; };
		5005856B1AFCD35400AF77DC /* ladybugThumb.jpg in Resources */ = {isa = PBXBuildFile; fileRef = 500585631AFCD35400AF77DC /* ladybugThumb.jpg */; };
		5005856C1AFCD35400AF77DC /* potatoBug.jpg in Resources */ = {isa = PBXBuildFile; fileRef = 500585641AFCD35400AF77DC /* potatoBug.jpg */; };
		5005856D1AFCD35400AF77DC /* potatoBugThumb.jpg in Resources */ = {isa = PBXBuildFile; fileRef = 500585651AFCD35400AF77DC /* potatoBugThumb.jpg */; };
		5005856E1AFCD35400AF77DC /* wolfSpider.jpg in Resources */ = {isa = PBXBuildFile; fileRef = 500585661AFCD35400AF77DC /* wolfSpider.jpg */; };
		5005856F1AFCD35400AF77DC /* wolfSpiderThumb.jpg in Resources */ = {isa = PBXBuildFile; fileRef = 500585671AFCD35400AF77DC /* wolfSpiderThumb.jpg */; };
		500585751AFCDC0D00AF77DC /* RWTRateView.m in Sources */ = {isa = PBXBuildFile; fileRef = 500585741AFCDC0D00AF77DC /* RWTRateView.m */; };
		500585781AFCDC1C00AF77DC /* RWTUIImageExtras.m in Sources */ = {isa = PBXBuildFile; fileRef = 500585771AFCDC1C00AF77DC /* RWTUIImageExtras.m */; };
		5005857D1AFCDC4B00AF77DC /* logo1.png in Resources */ = {isa = PBXBuildFile; fileRef = 500585791AFCDC4B00AF77DC /* logo1.png */; };
		5005857E1AFCDC4B00AF77DC /* shockedface2_empty.png in Resources */ = {isa = PBXBuildFile; fileRef = 5005857A1AFCDC4B00AF77DC /* shockedface2_empty.png */; };
		5005857F1AFCDC4B00AF77DC /* shockedface2_full.png in Resources */ = {isa = PBXBuildFile; fileRef = 5005857B1AFCDC4B00AF77DC /* shockedface2_full.png */; };
		500585801AFCDC4B00AF77DC /* shockedface2_half.png in Resources */ = {isa = PBXBuildFile; fileRef = 5005857C1AFCDC4B00AF77DC /* shockedface2_half.png */; };
/* End PBXBuildFile section */

/* Begin PBXContainerItemProxy section */
		500585491AFCB9F600AF77DC /* PBXContainerItemProxy */ = {
			isa = PBXContainerItemProxy;
			containerPortal = 500585241AFCB9F600AF77DC /* Project object */;
			proxyType = 1;
			remoteGlobalIDString = 5005852B1AFCB9F600AF77DC;
			remoteInfo = ScaryBugs;
		};
/* End PBXContainerItemProxy section */

/* Begin PBXFileReference section */
		5005852C1AFCB9F600AF77DC /* ScaryBugs.app */ = {isa = PBXFileReference; explicitFileType = wrapper.application; includeInIndex = 0; path = ScaryBugs.app; sourceTree = BUILT_PRODUCTS_DIR; };
		500585301AFCB9F600AF77DC /* Info.plist */ = {isa = PBXFileReference; lastKnownFileType = text.plist.xml; path = Info.plist; sourceTree = "<group>"; };
		500585311AFCB9F600AF77DC /* main.m */ = {isa = PBXFileReference; lastKnownFileType = sourcecode.c.objc; path = main.m; sourceTree = "<group>"; };
		500585331AFCB9F600AF77DC /* AppDelegate.h */ = {isa = PBXFileReference; lastKnownFileType = sourcecode.c.h; path = AppDelegate.h; sourceTree = "<group>"; };
		500585341AFCB9F600AF77DC /* AppDelegate.m */ = {isa = PBXFileReference; lastKnownFileType = sourcecode.c.objc; path = AppDelegate.m; sourceTree = "<group>"; };
		500585361AFCB9F600AF77DC /* MasterViewController.h */ = {isa = PBXFileReference; lastKnownFileType = sourcecode.c.h; path = MasterViewController.h; sourceTree = "<group>"; };
		500585371AFCB9F600AF77DC /* MasterViewController.m */ = {isa = PBXFileReference; lastKnownFileType = sourcecode.c.objc; path = MasterViewController.m; sourceTree = "<group>"; };
		500585391AFCB9F600AF77DC /* DetailViewController.h */ = {isa = PBXFileReference; lastKnownFileType = sourcecode.c.h; path = DetailViewController.h; sourceTree = "<group>"; };
		5005853A1AFCB9F600AF77DC /* DetailViewController.m */ = {isa = PBXFileReference; lastKnownFileType = sourcecode.c.objc; path = DetailViewController.m; sourceTree = "<group>"; };
		5005853D1AFCB9F600AF77DC /* Base */ = {isa = PBXFileReference; lastKnownFileType = file.storyboard; name = Base; path = Base.lproj/Main.storyboard; sourceTree = "<group>"; };
		5005853F1AFCB9F600AF77DC /* Images.xcassets */ = {isa = PBXFileReference; lastKnownFileType = folder.assetcatalog; path = Images.xcassets; sourceTree = "<group>"; };
		500585421AFCB9F600AF77DC /* Base */ = {isa = PBXFileReference; lastKnownFileType = file.xib; name = Base; path = Base.lproj/LaunchScreen.xib; sourceTree = "<group>"; };
		500585481AFCB9F600AF77DC /* ScaryBugsTests.xctest */ = {isa = PBXFileReference; explicitFileType = wrapper.cfbundle; includeInIndex = 0; path = ScaryBugsTests.xctest; sourceTree = BUILT_PRODUCTS_DIR; };
		5005854D1AFCB9F600AF77DC /* Info.plist */ = {isa = PBXFileReference; lastKnownFileType = text.plist.xml; path = Info.plist; sourceTree = "<group>"; };
		5005854E1AFCB9F600AF77DC /* ScaryBugsTests.m */ = {isa = PBXFileReference; lastKnownFileType = sourcecode.c.objc; path = ScaryBugsTests.m; sourceTree = "<group>"; };
		5005855A1AFCBEBC00AF77DC /* ScaryBugData.h */ = {isa = PBXFileReference; fileEncoding = 4; lastKnownFileType = sourcecode.c.h; path = ScaryBugData.h; sourceTree = "<group>"; };
		5005855B1AFCBEBC00AF77DC /* ScaryBugData.m */ = {isa = PBXFileReference; fileEncoding = 4; lastKnownFileType = sourcecode.c.objc; path = ScaryBugData.m; sourceTree = "<group>"; };
		5005855D1AFCCCA500AF77DC /* ScaryBugDoc.h */ = {isa = PBXFileReference; fileEncoding = 4; lastKnownFileType = sourcecode.c.h; path = ScaryBugDoc.h; sourceTree = "<group>"; };
		5005855E1AFCCCA500AF77DC /* ScaryBugDoc.m */ = {isa = PBXFileReference; fileEncoding = 4; lastKnownFileType = sourcecode.c.objc; path = ScaryBugDoc.m; sourceTree = "<group>"; };
		500585601AFCD35400AF77DC /* centipede.jpg */ = {isa = PBXFileReference; lastKnownFileType = image.jpeg; path = centipede.jpg; sourceTree = "<group>"; };
		500585611AFCD35400AF77DC /* centipedeThumb.jpg */ = {isa = PBXFileReference; lastKnownFileType = image.jpeg; path = centipedeThumb.jpg; sourceTree = "<group>"; };
		500585621AFCD35400AF77DC /* ladybug.jpg */ = {isa = PBXFileReference; lastKnownFileType = image.jpeg; path = ladybug.jpg; sourceTree = "<group>"; };
		500585631AFCD35400AF77DC /* ladybugThumb.jpg */ = {isa = PBXFileReference; lastKnownFileType = image.jpeg; path = ladybugThumb.jpg; sourceTree = "<group>"; };
		500585641AFCD35400AF77DC /* potatoBug.jpg */ = {isa = PBXFileReference; lastKnownFileType = image.jpeg; path = potatoBug.jpg; sourceTree = "<group>"; };
		500585651AFCD35400AF77DC /* potatoBugThumb.jpg */ = {isa = PBXFileReference; lastKnownFileType = image.jpeg; path = potatoBugThumb.jpg; sourceTree = "<group>"; };
		500585661AFCD35400AF77DC /* wolfSpider.jpg */ = {isa = PBXFileReference; lastKnownFileType = image.jpeg; path = wolfSpider.jpg; sourceTree = "<group>"; };
		500585671AFCD35400AF77DC /* wolfSpiderThumb.jpg */ = {isa = PBXFileReference; lastKnownFileType = image.jpeg; path = wolfSpiderThumb.jpg; sourceTree = "<group>"; };
		500585731AFCDC0D00AF77DC /* RWTRateView.h */ = {isa = PBXFileReference; fileEncoding = 4; lastKnownFileType = sourcecode.c.h; path = RWTRateView.h; sourceTree = "<group>"; };
		500585741AFCDC0D00AF77DC /* RWTRateView.m */ = {isa = PBXFileReference; fileEncoding = 4; lastKnownFileType = sourcecode.c.objc; path = RWTRateView.m; sourceTree = "<group>"; };
		500585761AFCDC1C00AF77DC /* RWTUIImageExtras.h */ = {isa = PBXFileReference; fileEncoding = 4; lastKnownFileType = sourcecode.c.h; path = RWTUIImageExtras.h; sourceTree = "<group>"; };
		500585771AFCDC1C00AF77DC /* RWTUIImageExtras.m */ = {isa = PBXFileReference; fileEncoding = 4; lastKnownFileType = sourcecode.c.objc; path = RWTUIImageExtras.m; sourceTree = "<group>"; };
		500585791AFCDC4B00AF77DC /* logo1.png */ = {isa = PBXFileReference; lastKnownFileType = image.png; path = logo1.png; sourceTree = "<group>"; };
		5005857A1AFCDC4B00AF77DC /* shockedface2_empty.png */ = {isa = PBXFileReference; lastKnownFileType = image.png; path = shockedface2_empty.png; sourceTree = "<group>"; };
		5005857B1AFCDC4B00AF77DC /* shockedface2_full.png */ = {isa = PBXFileReference; lastKnownFileType = image.png; path = shockedface2_full.png; sourceTree = "<group>"; };
		5005857C1AFCDC4B00AF77DC /* shockedface2_half.png */ = {isa = PBXFileReference; lastKnownFileType = image.png; path = shockedface2_half.png; sourceTree = "<group>"; };
/* End PBXFileReference section */

/* Begin PBXFrameworksBuildPhase section */
		500585291AFCB9F600AF77DC /* Frameworks */ = {
			isa = PBXFrameworksBuildPhase;
			buildActionMask = 2147483647;
			files = (
			);
			runOnlyForDeploymentPostprocessing = 0;
		};
		500585451AFCB9F600AF77DC /* Frameworks */ = {
			isa = PBXFrameworksBuildPhase;
			buildActionMask = 2147483647;
			files = (
			);
			runOnlyForDeploymentPostprocessing = 0;
		};
/* End PBXFrameworksBuildPhase section */

/* Begin PBXGroup section */
		500585231AFCB9F600AF77DC = {
			isa = PBXGroup;
			children = (
				5005852E1AFCB9F600AF77DC /* ScaryBugs */,
				5005854B1AFCB9F600AF77DC /* ScaryBugsTests */,
				5005852D1AFCB9F600AF77DC /* Products */,
			);
			sourceTree = "<group>";
		};
		5005852D1AFCB9F600AF77DC /* Products */ = {
			isa = PBXGroup;
			children = (
				5005852C1AFCB9F600AF77DC /* ScaryBugs.app */,
				500585481AFCB9F600AF77DC /* ScaryBugsTests.xctest */,
			);
			name = Products;
			sourceTree = "<group>";
		};
		5005852E1AFCB9F600AF77DC /* ScaryBugs */ = {
			isa = PBXGroup;
			children = (
				500585721AFCDBED00AF77DC /* helper */,
				500585711AFCDBDC00AF77DC /* view */,
				500585701AFCD36100AF77DC /* images */,
				500585591AFCBE7700AF77DC /* Model */,
				500585581AFCBE0400AF77DC /* GUI */,
				5005853F1AFCB9F600AF77DC /* Images.xcassets */,
				500585411AFCB9F600AF77DC /* LaunchScreen.xib */,
				5005852F1AFCB9F600AF77DC /* Supporting Files */,
			);
			path = ScaryBugs;
			sourceTree = "<group>";
		};
		5005852F1AFCB9F600AF77DC /* Supporting Files */ = {
			isa = PBXGroup;
			children = (
				500585301AFCB9F600AF77DC /* Info.plist */,
				500585311AFCB9F600AF77DC /* main.m */,
			);
			name = "Supporting Files";
			sourceTree = "<group>";
		};
		5005854B1AFCB9F600AF77DC /* ScaryBugsTests */ = {
			isa = PBXGroup;
			children = (
				5005854E1AFCB9F600AF77DC /* ScaryBugsTests.m */,
				5005854C1AFCB9F600AF77DC /* Supporting Files */,
			);
			path = ScaryBugsTests;
			sourceTree = "<group>";
		};
		5005854C1AFCB9F600AF77DC /* Supporting Files */ = {
			isa = PBXGroup;
			children = (
				5005854D1AFCB9F600AF77DC /* Info.plist */,
			);
			name = "Supporting Files";
			sourceTree = "<group>";
		};
		500585581AFCBE0400AF77DC /* GUI */ = {
			isa = PBXGroup;
			children = (
				500585331AFCB9F600AF77DC /* AppDelegate.h */,
				500585341AFCB9F600AF77DC /* AppDelegate.m */,
				500585361AFCB9F600AF77DC /* MasterViewController.h */,
				500585371AFCB9F600AF77DC /* MasterViewController.m */,
				500585391AFCB9F600AF77DC /* DetailViewController.h */,
				5005853A1AFCB9F600AF77DC /* DetailViewController.m */,
				5005853C1AFCB9F600AF77DC /* Main.storyboard */,
			);
			name = GUI;
			sourceTree = "<group>";
		};
		500585591AFCBE7700AF77DC /* Model */ = {
			isa = PBXGroup;
			children = (
				5005855A1AFCBEBC00AF77DC /* ScaryBugData.h */,
				5005855B1AFCBEBC00AF77DC /* ScaryBugData.m */,
				5005855D1AFCCCA500AF77DC /* ScaryBugDoc.h */,
				5005855E1AFCCCA500AF77DC /* ScaryBugDoc.m */,
			);
			name = Model;
			sourceTree = "<group>";
		};
		500585701AFCD36100AF77DC /* images */ = {
			isa = PBXGroup;
			children = (
				500585791AFCDC4B00AF77DC /* logo1.png */,
				5005857A1AFCDC4B00AF77DC /* shockedface2_empty.png */,
				5005857B1AFCDC4B00AF77DC /* shockedface2_full.png */,
				5005857C1AFCDC4B00AF77DC /* shockedface2_half.png */,
				500585601AFCD35400AF77DC /* centipede.jpg */,
				500585611AFCD35400AF77DC /* centipedeThumb.jpg */,
				500585621AFCD35400AF77DC /* ladybug.jpg */,
				500585631AFCD35400AF77DC /* ladybugThumb.jpg */,
				500585641AFCD35400AF77DC /* potatoBug.jpg */,
				500585651AFCD35400AF77DC /* potatoBugThumb.jpg */,
				500585661AFCD35400AF77DC /* wolfSpider.jpg */,
				500585671AFCD35400AF77DC /* wolfSpiderThumb.jpg */,
			);
			name = images;
			sourceTree = "<group>";
		};
		500585711AFCDBDC00AF77DC /* view */ = {
			isa = PBXGroup;
			children = (
				500585731AFCDC0D00AF77DC /* RWTRateView.h */,
				500585741AFCDC0D00AF77DC /* RWTRateView.m */,
			);
			name = view;
			sourceTree = "<group>";
		};
		500585721AFCDBED00AF77DC /* helper */ = {
			isa = PBXGroup;
			children = (
				500585761AFCDC1C00AF77DC /* RWTUIImageExtras.h */,
				500585771AFCDC1C00AF77DC /* RWTUIImageExtras.m */,
			);
			name = helper;
			sourceTree = "<group>";
		};
/* End PBXGroup section */

/* Begin PBXNativeTarget section */
		5005852B1AFCB9F600AF77DC /* ScaryBugs */ = {
			isa = PBXNativeTarget;
			buildConfigurationList = 500585521AFCB9F600AF77DC /* Build configuration list for PBXNativeTarget "ScaryBugs" */;
			buildPhases = (
				500585281AFCB9F600AF77DC /* Sources */,
				500585291AFCB9F600AF77DC /* Frameworks */,
				5005852A1AFCB9F600AF77DC /* Resources */,
			);
			buildRules = (
			);
			dependencies = (
			);
			name = ScaryBugs;
			productName = ScaryBugs;
			productReference = 5005852C1AFCB9F600AF77DC /* ScaryBugs.app */;
			productType = "com.apple.product-type.application";
		};
		500585471AFCB9F600AF77DC /* ScaryBugsTests */ = {
			isa = PBXNativeTarget;
			buildConfigurationList = 500585551AFCB9F600AF77DC /* Build configuration list for PBXNativeTarget "ScaryBugsTests" */;
			buildPhases = (
				500585441AFCB9F600AF77DC /* Sources */,
				500585451AFCB9F600AF77DC /* Frameworks */,
				500585461AFCB9F600AF77DC /* Resources */,
			);
			buildRules = (
			);
			dependencies = (
				5005854A1AFCB9F600AF77DC /* PBXTargetDependency */,
			);
			name = ScaryBugsTests;
			productName = ScaryBugsTests;
			productReference = 500585481AFCB9F600AF77DC /* ScaryBugsTests.xctest */;
			productType = "com.apple.product-type.bundle.unit-test";
		};
/* End PBXNativeTarget section */

/* Begin PBXProject section */
		500585241AFCB9F600AF77DC /* Project object */ = {
			isa = PBXProject;
			attributes = {
				LastUpgradeCheck = 0630;
				ORGANIZATIONNAME = jiangecho;
				TargetAttributes = {
					5005852B1AFCB9F600AF77DC = {
						CreatedOnToolsVersion = 6.3.1;
					};
					500585471AFCB9F600AF77DC = {
						CreatedOnToolsVersion = 6.3.1;
						TestTargetID = 5005852B1AFCB9F600AF77DC;
					};
				};
			};
			buildConfigurationList = 500585271AFCB9F600AF77DC /* Build configuration list for PBXProject "ScaryBugs" */;
			compatibilityVersion = "Xcode 3.2";
			developmentRegion = English;
			hasScannedForEncodings = 0;
			knownRegions = (
				en,
				Base,
			);
			mainGroup = 500585231AFCB9F600AF77DC;
			productRefGroup = 5005852D1AFCB9F600AF77DC /* Products */;
			projectDirPath = "";
			projectRoot = "";
			targets = (
				5005852B1AFCB9F600AF77DC /* ScaryBugs */,
				500585471AFCB9F600AF77DC /* ScaryBugsTests */,
			);
		};
/* End PBXProject section */

/* Begin PBXResourcesBuildPhase section */
		5005852A1AFCB9F600AF77DC /* Resources */ = {
			isa = PBXResourcesBuildPhase;
			buildActionMask = 2147483647;
			files = (
				5005853E1AFCB9F600AF77DC /* Main.storyboard in Resources */,
				5005856C1AFCD35400AF77DC /* potatoBug.jpg in Resources */,
				5005856E1AFCD35400AF77DC /* wolfSpider.jpg in Resources */,
				5005856F1AFCD35400AF77DC /* wolfSpiderThumb.jpg in Resources */,
				5005856B1AFCD35400AF77DC /* ladybugThumb.jpg in Resources */,
				500585681AFCD35400AF77DC /* centipede.jpg in Resources */,
				500585691AFCD35400AF77DC /* centipedeThumb.jpg in Resources */,
				500585431AFCB9F600AF77DC /* LaunchScreen.xib in Resources */,
				5005856D1AFCD35400AF77DC /* potatoBugThumb.jpg in Resources */,
				5005856A1AFCD35400AF77DC /* ladybug.jpg in Resources */,
				5005857D1AFCDC4B00AF77DC /* logo1.png in Resources */,
				500585401AFCB9F600AF77DC /* Images.xcassets in Resources */,
				5005857F1AFCDC4B00AF77DC /* shockedface2_full.png in Resources */,
				5005857E1AFCDC4B00AF77DC /* shockedface2_empty.png in Resources */,
				500585801AFCDC4B00AF77DC /* shockedface2_half.png in Resources */,
			);
			runOnlyForDeploymentPostprocessing = 0;
		};
		500585461AFCB9F600AF77DC /* Resources */ = {
			isa = PBXResourcesBuildPhase;
			buildActionMask = 2147483647;
			files = (
			);
			runOnlyForDeploymentPostprocessing = 0;
		};
/* End PBXResourcesBuildPhase section */

/* Begin PBXSourcesBuildPhase section */
		500585281AFCB9F600AF77DC /* Sources */ = {
			isa = PBXSourcesBuildPhase;
			buildActionMask = 2147483647;
			files = (
				5005855C1AFCBEBC00AF77DC /* ScaryBugData.m in Sources */,
				500585751AFCDC0D00AF77DC /* RWTRateView.m in Sources */,
				500585781AFCDC1C00AF77DC /* RWTUIImageExtras.m in Sources */,
				500585351AFCB9F600AF77DC /* AppDelegate.m in Sources */,
				500585381AFCB9F600AF77DC /* MasterViewController.m in Sources */,
				500585321AFCB9F600AF77DC /* main.m in Sources */,
				5005855F1AFCCCA500AF77DC /* ScaryBugDoc.m in Sources */,
				5005853B1AFCB9F600AF77DC /* DetailViewController.m in Sources */,
			);
			runOnlyForDeploymentPostprocessing = 0;
		};
		500585441AFCB9F600AF77DC /* Sources */ = {
			isa = PBXSourcesBuildPhase;
			buildActionMask = 2147483647;
			files = (
				5005854F1AFCB9F600AF77DC /* ScaryBugsTests.m in Sources */,
			);
			runOnlyForDeploymentPostprocessing = 0;
		};
/* End PBXSourcesBuildPhase section */

/* Begin PBXTargetDependency section */
		5005854A1AFCB9F600AF77DC /* PBXTargetDependency */ = {
			isa = PBXTargetDependency;
			target = 5005852B1AFCB9F600AF77DC /* ScaryBugs */;
			targetProxy = 500585491AFCB9F600AF77DC /* PBXContainerItemProxy */;
		};
/* End PBXTargetDependency section */

/* Begin PBXVariantGroup section */
		5005853C1AFCB9F600AF77DC /* Main.storyboard */ = {
			isa = PBXVariantGroup;
			children = (
				5005853D1AFCB9F600AF77DC /* Base */,
			);
			name = Main.storyboard;
			sourceTree = "<group>";
		};
		500585411AFCB9F600AF77DC /* LaunchScreen.xib */ = {
			isa = PBXVariantGroup;
			children = (
				500585421AFCB9F600AF77DC /* Base */,
			);
			name = LaunchScreen.xib;
			sourceTree = "<group>";
		};
/* End PBXVariantGroup section */

/* Begin XCBuildConfiguration section */
		500585501AFCB9F600AF77DC /* Debug */ = {
			isa = XCBuildConfiguration;
			buildSettings = {
				ALWAYS_SEARCH_USER_PATHS = NO;
				CLANG_CXX_LANGUAGE_STANDARD = "gnu++0x";
				CLANG_CXX_LIBRARY = "libc++";
				CLANG_ENABLE_MODULES = YES;
				CLANG_ENABLE_OBJC_ARC = YES;
				CLANG_WARN_BOOL_CONVERSION = YES;
				CLANG_WARN_CONSTANT_CONVERSION = YES;
				CLANG_WARN_DIRECT_OBJC_ISA_USAGE = YES_ERROR;
				CLANG_WARN_EMPTY_BODY = YES;
				CLANG_WARN_ENUM_CONVERSION = YES;
				CLANG_WARN_INT_CONVERSION = YES;
				CLANG_WARN_OBJC_ROOT_CLASS = YES_ERROR;
				CLANG_WARN_UNREACHABLE_CODE = YES;
				CLANG_WARN__DUPLICATE_METHOD_MATCH = YES;
				"CODE_SIGN_IDENTITY[sdk=iphoneos*]" = "iPhone Developer";
				COPY_PHASE_STRIP = NO;
				DEBUG_INFORMATION_FORMAT = "dwarf-with-dsym";
				ENABLE_STRICT_OBJC_MSGSEND = YES;
				GCC_C_LANGUAGE_STANDARD = gnu99;
				GCC_DYNAMIC_NO_PIC = NO;
				GCC_NO_COMMON_BLOCKS = YES;
				GCC_OPTIMIZATION_LEVEL = 0;
				GCC_PREPROCESSOR_DEFINITIONS = (
					"DEBUG=1",
					"$(inherited)",
				);
				GCC_SYMBOLS_PRIVATE_EXTERN = NO;
				GCC_WARN_64_TO_32_BIT_CONVERSION = YES;
				GCC_WARN_ABOUT_RETURN_TYPE = YES_ERROR;
				GCC_WARN_UNDECLARED_SELECTOR = YES;
				GCC_WARN_UNINITIALIZED_AUTOS = YES_AGGRESSIVE;
				GCC_WARN_UNUSED_FUNCTION = YES;
				GCC_WARN_UNUSED_VARIABLE = YES;
				IPHONEOS_DEPLOYMENT_TARGET = 8.3;
				MTL_ENABLE_DEBUG_INFO = YES;
				ONLY_ACTIVE_ARCH = YES;
				SDKROOT = iphoneos;
			};
			name = Debug;
		};
		500585511AFCB9F600AF77DC /* Release */ = {
			isa = XCBuildConfiguration;
			buildSettings = {
				ALWAYS_SEARCH_USER_PATHS = NO;
				CLANG_CXX_LANGUAGE_STANDARD = "gnu++0x";
				CLANG_CXX_LIBRARY = "libc++";
				CLANG_ENABLE_MODULES = YES;
				CLANG_ENABLE_OBJC_ARC = YES;
				CLANG_WARN_BOOL_CONVERSION = YES;
				CLANG_WARN_CONSTANT_CONVERSION = YES;
				CLANG_WARN_DIRECT_OBJC_ISA_USAGE = YES_ERROR;
				CLANG_WARN_EMPTY_BODY = YES;
				CLANG_WARN_ENUM_CONVERSION = YES;
				CLANG_WARN_INT_CONVERSION = YES;
				CLANG_WARN_OBJC_ROOT_CLASS = YES_ERROR;
				CLANG_WARN_UNREACHABLE_CODE = YES;
				CLANG_WARN__DUPLICATE_METHOD_MATCH = YES;
				"CODE_SIGN_IDENTITY[sdk=iphoneos*]" = "iPhone Developer";
				COPY_PHASE_STRIP = NO;
				DEBUG_INFORMATION_FORMAT = "dwarf-with-dsym";
				ENABLE_NS_ASSERTIONS = NO;
				ENABLE_STRICT_OBJC_MSGSEND = YES;
				GCC_C_LANGUAGE_STANDARD = gnu99;
				GCC_NO_COMMON_BLOCKS = YES;
				GCC_WARN_64_TO_32_BIT_CONVERSION = YES;
				GCC_WARN_ABOUT_RETURN_TYPE = YES_ERROR;
				GCC_WARN_UNDECLARED_SELECTOR = YES;
				GCC_WARN_UNINITIALIZED_AUTOS = YES_AGGRESSIVE;
				GCC_WARN_UNUSED_FUNCTION = YES;
				GCC_WARN_UNUSED_VARIABLE = YES;
				IPHONEOS_DEPLOYMENT_TARGET = 8.3;
				MTL_ENABLE_DEBUG_INFO = NO;
				SDKROOT = iphoneos;
				VALIDATE_PRODUCT = YES;
			};
			name = Release;
		};
		500585531AFCB9F600AF77DC /* Debug */ = {
			isa = XCBuildConfiguration;
			buildSettings = {
				ASSETCATALOG_COMPILER_APPICON_NAME = AppIcon;
				INFOPLIST_FILE = ScaryBugs/Info.plist;
				LD_RUNPATH_SEARCH_PATHS = "$(inherited) @executable_path/Frameworks";
				PRODUCT_NAME = "$(TARGET_NAME)";
			};
			name = Debug;
		};
		500585541AFCB9F600AF77DC /* Release */ = {
			isa = XCBuildConfiguration;
			buildSettings = {
				ASSETCATALOG_COMPILER_APPICON_NAME = AppIcon;
				INFOPLIST_FILE = ScaryBugs/Info.plist;
				LD_RUNPATH_SEARCH_PATHS = "$(inherited) @executable_path/Frameworks";
				PRODUCT_NAME = "$(TARGET_NAME)";
			};
			name = Release;
		};
		500585561AFCB9F600AF77DC /* Debug */ = {
			isa = XCBuildConfiguration;
			buildSettings = {
				BUNDLE_LOADER = "$(TEST_HOST)";
				FRAMEWORK_SEARCH_PATHS = (
					"$(SDKROOT)/Developer/Library/Frameworks",
					"$(inherited)",
				);
				GCC_PREPROCESSOR_DEFINITIONS = (
					"DEBUG=1",
					"$(inherited)",
				);
				INFOPLIST_FILE = ScaryBugsTests/Info.plist;
				LD_RUNPATH_SEARCH_PATHS = "$(inherited) @executable_path/Frameworks @loader_path/Frameworks";
				PRODUCT_NAME = "$(TARGET_NAME)";
				TEST_HOST = "$(BUILT_PRODUCTS_DIR)/ScaryBugs.app/ScaryBugs";
			};
			name = Debug;
		};
		500585571AFCB9F600AF77DC /* Release */ = {
			isa = XCBuildConfiguration;
			buildSettings = {
				BUNDLE_LOADER = "$(TEST_HOST)";
				FRAMEWORK_SEARCH_PATHS = (
					"$(SDKROOT)/Developer/Library/Frameworks",
					"$(inherited)",
				);
				INFOPLIST_FILE = ScaryBugsTests/Info.plist;
				LD_RUNPATH_SEARCH_PATHS = "$(inherited) @executable_path/Frameworks @loader_path/Frameworks";
				PRODUCT_NAME = "$(TARGET_NAME)";
				TEST_HOST = "$(BUILT_PRODUCTS_DIR)/ScaryBugs.app/ScaryBugs";
			};
			name = Release;
		};
/* End XCBuildConfiguration section */

/* Begin XCConfigurationList section */
		500585271AFCB9F600AF77DC /* Build configuration list for PBXProject "ScaryBugs" */ = {
			isa = XCConfigurationList;
			buildConfigurations = (
				500585501AFCB9F600AF77DC /* Debug */,
				500585511AFCB9F600AF77DC /* Release */,
			);
			defaultConfigurationIsVisible = 0;
			defaultConfigurationName = Release;
		};
		500585521AFCB9F600AF77DC /* Build configuration list for PBXNativeTarget "ScaryBugs" */ = {
			isa = XCConfigurationList;
			buildConfigurations = (
				500585531AFCB9F600AF77DC /* Debug */,
				500585541AFCB9F600AF77DC /* Release */,
			);
			defaultConfigurationIsVisible = 0;
		};
		500585551AFCB9F600AF77DC /* Build configuration list for PBXNativeTarget "ScaryBugsTests" */ = {
			isa = XCConfigurationList;
			buildConfigurations = (
				500585561AFCB9F600AF77DC /* Debug */,
				500585571AFCB9F600AF77DC /* Release */,
			);
			defaultConfigurationIsVisible = 0;
		};
/* End XCConfigurationList section */
	};
	rootObject = 500585241AFCB9F600AF77DC /* Project object */;
}
